
Microsoft Visual Studio Solution File, Format Version 12.00
# Visual Studio Version 17
VisualStudioVersion = 17.6.33829.357
MinimumVisualStudioVersion = 10.0.40219.1
Project("{9A19103F-16F7-4668-BE54-9A1E7A4F7556}") = "Lab01", "Lab01\Lab01.csproj", "{81FCDAAF-1BC7-4F26-8755-C97AD2A9B2A0}"
EndProject
Project("{9A19103F-16F7-4668-BE54-9A1E7A4F7556}") = "Lab02", "Lab02\Lab02.csproj", "{2FF9E4A6-49E7-4D05-9D9A-4C04BC2DBB8A}"
EndProject
Project("{9A19103F-16F7-4668-BE54-9A1E7A4F7556}") = "Lab03", "Lab03\Lab03.csproj", "{A0C72D40-5E71-45ED-8BBD-A2212F9500CD}"
EndProject
Project("{9A19103F-16F7-4668-BE54-9A1E7A4F7556}") = "Lab04", "Lab04\Lab04.csproj", "{44EDC71D-70BE-49CB-83B9-0AA74E8EF2E2}"
EndProject
Project("{9A19103F-16F7-4668-BE54-9A1E7A4F7556}") = "Lab05", "Lab05\Lab05.csproj", "{CE2FA1BE-229C-4F81-890F-821678DCDB50}"
EndProject
Project("{9A19103F-16F7-4668-BE54-9A1E7A4F7556}") = "SimpleEngine", "SimpleEngine\SimpleEngine.csproj", "{571507CE-30CB-4661-BCAB-6D5C574D76A7}"
EndProject
Project("{9A19103F-16F7-4668-BE54-9A1E7A4F7556}") = "Lab06", "Lab06\Lab06.csproj", "{A356218F-ED48-46B6-80AA-A5AA797F92D6}"
EndProject
Project("{9A19103F-16F7-4668-BE54-9A1E7A4F7556}") = "Lab07", "Lab07\Lab07.csproj", "{98F0C6E9-0D0B-46D7-B492-A69A58E4979B}"
EndProject
Project("{9A19103F-16F7-4668-BE54-9A1E7A4F7556}") = "Lab08A", "Lab08A\Lab08A.csproj", "{464DD89C-6286-440E-9D56-D8BD48AD4C0F}"
EndProject
Project("{9A19103F-16F7-4668-BE54-9A1E7A4F7556}") = "Lab08", "Lab08\Lab08.csproj", "{70E2356B-AA96-432E-A172-507AFA567990}"
EndProject
Project("{9A19103F-16F7-4668-BE54-9A1E7A4F7556}") = "Lab09", "Lab09\Lab09.csproj", "{A0D5EEF3-F895-447A-B026-E1B1238C2ACB}"
EndProject
Project("{9A19103F-16F7-4668-BE54-9A1E7A4F7556}") = "Lab10", "Lab10\Lab10.csproj", "{1B5F45E7-DF27-4AEA-B6CE-4E268CDDDDB0}"
EndProject
Project("{FAE04EC0-301F-11D3-BF4B-00C04F79EFBC}") = "Lab12", "Lab12\Lab12.csproj", "{873BF2AE-9923-4E5B-BF6C-98A0892647B7}"
EndProject
Global
	GlobalSection(SolutionConfigurationPlatforms) = preSolution
		Debug|Any CPU = Debug|Any CPU
		Release|Any CPU = Release|Any CPU
	EndGlobalSection
	GlobalSection(ProjectConfigurationPlatforms) = postSolution
		{81FCDAAF-1BC7-4F26-8755-C97AD2A9B2A0}.Debug|Any CPU.ActiveCfg = Debug|Any CPU
		{81FCDAAF-1BC7-4F26-8755-C97AD2A9B2A0}.Debug|Any CPU.Build.0 = Debug|Any CPU
		{81FCDAAF-1BC7-4F26-8755-C97AD2A9B2A0}.Release|Any CPU.ActiveCfg = Release|Any CPU
		{81FCDAAF-1BC7-4F26-8755-C97AD2A9B2A0}.Release|Any CPU.Build.0 = Release|Any CPU
		{2FF9E4A6-49E7-4D05-9D9A-4C04BC2DBB8A}.Debug|Any CPU.ActiveCfg = Debug|Any CPU
		{2FF9E4A6-49E7-4D05-9D9A-4C04BC2DBB8A}.Debug|Any CPU.Build.0 = Debug|Any CPU
		{2FF9E4A6-49E7-4D05-9D9A-4C04BC2DBB8A}.Release|Any CPU.ActiveCfg = Release|Any CPU
		{2FF9E4A6-49E7-4D05-9D9A-4C04BC2DBB8A}.Release|Any CPU.Build.0 = Release|Any CPU
		{A0C72D40-5E71-45ED-8BBD-A2212F9500CD}.Debug|Any CPU.ActiveCfg = Debug|Any CPU
		{A0C72D40-5E71-45ED-8BBD-A2212F9500CD}.Debug|Any CPU.Build.0 = Debug|Any CPU
		{A0C72D40-5E71-45ED-8BBD-A2212F9500CD}.Release|Any CPU.ActiveCfg = Release|Any CPU
		{A0C72D40-5E71-45ED-8BBD-A2212F9500CD}.Release|Any CPU.Build.0 = Release|Any CPU
		{44EDC71D-70BE-49CB-83B9-0AA74E8EF2E2}.Debug|Any CPU.ActiveCfg = Debug|Any CPU
		{44EDC71D-70BE-49CB-83B9-0AA74E8EF2E2}.Debug|Any CPU.Build.0 = Debug|Any CPU
		{44EDC71D-70BE-49CB-83B9-0AA74E8EF2E2}.Release|Any CPU.ActiveCfg = Release|Any CPU
		{44EDC71D-70BE-49CB-83B9-0AA74E8EF2E2}.Release|Any CPU.Build.0 = Release|Any CPU
		{CE2FA1BE-229C-4F81-890F-821678DCDB50}.Debug|Any CPU.ActiveCfg = Debug|Any CPU
		{CE2FA1BE-229C-4F81-890F-821678DCDB50}.Debug|Any CPU.Build.0 = Debug|Any CPU
		{CE2FA1BE-229C-4F81-890F-821678DCDB50}.Release|Any CPU.ActiveCfg = Release|Any CPU
		{CE2FA1BE-229C-4F81-890F-821678DCDB50}.Release|Any CPU.Build.0 = Release|Any CPU
		{571507CE-30CB-4661-BCAB-6D5C574D76A7}.Debug|Any CPU.ActiveCfg = Debug|Any CPU
		{571507CE-30CB-4661-BCAB-6D5C574D76A7}.Debug|Any CPU.Build.0 = Debug|Any CPU
		{571507CE-30CB-4661-BCAB-6D5C574D76A7}.Release|Any CPU.ActiveCfg = Release|Any CPU
		{571507CE-30CB-4661-BCAB-6D5C574D76A7}.Release|Any CPU.Build.0 = Release|Any CPU
		{A356218F-ED48-46B6-80AA-A5AA797F92D6}.Debug|Any CPU.ActiveCfg = Debug|Any CPU
		{A356218F-ED48-46B6-80AA-A5AA797F92D6}.Debug|Any CPU.Build.0 = Debug|Any CPU
		{A356218F-ED48-46B6-80AA-A5AA797F92D6}.Release|Any CPU.ActiveCfg = Release|Any CPU
		{A356218F-ED48-46B6-80AA-A5AA797F92D6}.Release|Any CPU.Build.0 = Release|Any CPU
		{98F0C6E9-0D0B-46D7-B492-A69A58E4979B}.Debug|Any CPU.ActiveCfg = Debug|Any CPU
		{98F0C6E9-0D0B-46D7-B492-A69A58E4979B}.Debug|Any CPU.Build.0 = Debug|Any CPU
		{98F0C6E9-0D0B-46D7-B492-A69A58E4979B}.Release|Any CPU.ActiveCfg = Release|Any CPU
		{98F0C6E9-0D0B-46D7-B492-A69A58E4979B}.Release|Any CPU.Build.0 = Release|Any CPU
		{464DD89C-6286-440E-9D56-D8BD48AD4C0F}.Debug|Any CPU.ActiveCfg = Debug|Any CPU
		{464DD89C-6286-440E-9D56-D8BD48AD4C0F}.Debug|Any CPU.Build.0 = Debug|Any CPU
		{464DD89C-6286-440E-9D56-D8BD48AD4C0F}.Release|Any CPU.ActiveCfg = Release|Any CPU
		{464DD89C-6286-440E-9D56-D8BD48AD4C0F}.Release|Any CPU.Build.0 = Release|Any CPU
		{70E2356B-AA96-432E-A172-507AFA567990}.Debug|Any CPU.ActiveCfg = Debug|Any CPU
		{70E2356B-AA96-432E-A172-507AFA567990}.Debug|Any CPU.Build.0 = Debug|Any CPU
		{70E2356B-AA96-432E-A172-507AFA567990}.Release|Any CPU.ActiveCfg = Release|Any CPU
		{70E2356B-AA96-432E-A172-507AFA567990}.Release|Any CPU.Build.0 = Release|Any CPU
		{A0D5EEF3-F895-447A-B026-E1B1238C2ACB}.Debug|Any CPU.ActiveCfg = Debug|Any CPU
		{A0D5EEF3-F895-447A-B026-E1B1238C2ACB}.Debug|Any CPU.Build.0 = Debug|Any CPU
		{A0D5EEF3-F895-447A-B026-E1B1238C2ACB}.Release|Any CPU.ActiveCfg = Release|Any CPU
		{A0D5EEF3-F895-447A-B026-E1B1238C2ACB}.Release|Any CPU.Build.0 = Release|Any CPU
		{1B5F45E7-DF27-4AEA-B6CE-4E268CDDDDB0}.Debug|Any CPU.ActiveCfg = Debug|Any CPU
		{1B5F45E7-DF27-4AEA-B6CE-4E268CDDDDB0}.Debug|Any CPU.Build.0 = Debug|Any CPU
		{1B5F45E7-DF27-4AEA-B6CE-4E268CDDDDB0}.Release|Any CPU.ActiveCfg = Release|Any CPU
		{1B5F45E7-DF27-4AEA-B6CE-4E268CDDDDB0}.Release|Any CPU.Build.0 = Release|Any CPU
		{873BF2AE-9923-4E5B-BF6C-98A0892647B7}.Debug|Any CPU.ActiveCfg = Debug|Any CPU
		{873BF2AE-9923-4E5B-BF6C-98A0892647B7}.Debug|Any CPU.Build.0 = Debug|Any CPU
		{873BF2AE-9923-4E5B-BF6C-98A0892647B7}.Release|Any CPU.ActiveCfg = Release|Any CPU
		{873BF2AE-9923-4E5B-BF6C-98A0892647B7}.Release|Any CPU.Build.0 = Release|Any CPU
	EndGlobalSection
	GlobalSection(SolutionProperties) = preSolution
		HideSolutionNode = FALSE
	EndGlobalSection
	GlobalSection(ExtensibilityGlobals) = postSolution
		SolutionGuid = {991EAABF-ECB0-41BA-A8B6-3481E1724B83}
	EndGlobalSection
EndGlobal
